// !$*UTF8*$!
{
	archiveVersion = 1;
	classes = {
	};
	objectVersion = 51;
	objects = {

/* Begin PBXBuildFile section */
		2EBC925F93CD012488F1CCA0 /* Pods_Rivi_Demo.framework in Frameworks */ = {isa = PBXBuildFile; fileRef = 24DF5549007BAF5DD7DBAD1A /* Pods_Rivi_Demo.framework */; };
		3C33446E23E0BF0D00231A13 /* FoodDetailsViewController.swift in Sources */ = {isa = PBXBuildFile; fileRef = 3C33446D23E0BF0D00231A13 /* FoodDetailsViewController.swift */; };
		3C33447023E0BF2600231A13 /* FoodDetailProtocols.swift in Sources */ = {isa = PBXBuildFile; fileRef = 3C33446F23E0BF2600231A13 /* FoodDetailProtocols.swift */; };
		3C33447223E0BFCA00231A13 /* FoodDetailsPresenter.swift in Sources */ = {isa = PBXBuildFile; fileRef = 3C33447123E0BFCA00231A13 /* FoodDetailsPresenter.swift */; };
		3C33447423E152E800231A13 /* SelfSizedTableView.swift in Sources */ = {isa = PBXBuildFile; fileRef = 3C33447323E152E800231A13 /* SelfSizedTableView.swift */; };
		3C33447623E16FFB00231A13 /* ShadowView.swift in Sources */ = {isa = PBXBuildFile; fileRef = 3C33447523E16FFB00231A13 /* ShadowView.swift */; };
		3C33447823E1863400231A13 /* FoodTableViewCell.swift in Sources */ = {isa = PBXBuildFile; fileRef = 3C33447723E1863400231A13 /* FoodTableViewCell.swift */; };
		3C33447A23E18E1300231A13 /* ShowMoreTableViewCell.swift in Sources */ = {isa = PBXBuildFile; fileRef = 3C33447923E18E1300231A13 /* ShowMoreTableViewCell.swift */; };
		3C33447D23E1F19F00231A13 /* FoodDetailsTableViewCell.swift in Sources */ = {isa = PBXBuildFile; fileRef = 3C33447B23E1F19F00231A13 /* FoodDetailsTableViewCell.swift */; };
		3C33447E23E1F19F00231A13 /* FoodDetailsTableViewCell.xib in Resources */ = {isa = PBXBuildFile; fileRef = 3C33447C23E1F19F00231A13 /* FoodDetailsTableViewCell.xib */; };
		3C5E703323DF181C009EDFBD /* AppDelegate.swift in Sources */ = {isa = PBXBuildFile; fileRef = 3C5E703223DF181C009EDFBD /* AppDelegate.swift */; };
		3C5E703523DF181C009EDFBD /* SceneDelegate.swift in Sources */ = {isa = PBXBuildFile; fileRef = 3C5E703423DF181C009EDFBD /* SceneDelegate.swift */; };
		3C5E703A23DF181C009EDFBD /* Main.storyboard in Resources */ = {isa = PBXBuildFile; fileRef = 3C5E703823DF181C009EDFBD /* Main.storyboard */; };
		3C5E703C23DF181D009EDFBD /* Assets.xcassets in Resources */ = {isa = PBXBuildFile; fileRef = 3C5E703B23DF181D009EDFBD /* Assets.xcassets */; };
		3C5E703F23DF181D009EDFBD /* LaunchScreen.storyboard in Resources */ = {isa = PBXBuildFile; fileRef = 3C5E703D23DF181D009EDFBD /* LaunchScreen.storyboard */; };
		3C5E704A23DF181D009EDFBD /* Rivi_DemoTests.swift in Sources */ = {isa = PBXBuildFile; fileRef = 3C5E704923DF181D009EDFBD /* Rivi_DemoTests.swift */; };
		3C5E706823E02906009EDFBD /* Reachability.swift in Sources */ = {isa = PBXBuildFile; fileRef = 3C5E706723E02906009EDFBD /* Reachability.swift */; };
		3C5E706A23E02925009EDFBD /* ApiClient.swift in Sources */ = {isa = PBXBuildFile; fileRef = 3C5E706923E02925009EDFBD /* ApiClient.swift */; };
		3C5E706D23E02989009EDFBD /* CustomError.swift in Sources */ = {isa = PBXBuildFile; fileRef = 3C5E706C23E02989009EDFBD /* CustomError.swift */; };
		3C5E706F23E02A56009EDFBD /* UIView+Ext.swift in Sources */ = {isa = PBXBuildFile; fileRef = 3C5E706E23E02A56009EDFBD /* UIView+Ext.swift */; };
		3C5E707123E02A7F009EDFBD /* EndPoints.swift in Sources */ = {isa = PBXBuildFile; fileRef = 3C5E707023E02A7F009EDFBD /* EndPoints.swift */; };
		3C5E707323E038B0009EDFBD /* DashboardViewController.swift in Sources */ = {isa = PBXBuildFile; fileRef = 3C5E707223E038B0009EDFBD /* DashboardViewController.swift */; };
		3C5E707523E03939009EDFBD /* DashboardRouter.swift in Sources */ = {isa = PBXBuildFile; fileRef = 3C5E707423E03939009EDFBD /* DashboardRouter.swift */; };
		3C5E707723E03A1A009EDFBD /* DashboardProtocols.swift in Sources */ = {isa = PBXBuildFile; fileRef = 3C5E707623E03A1A009EDFBD /* DashboardProtocols.swift */; };
		3C5E707923E03BC8009EDFBD /* LocalFoodData.swift in Sources */ = {isa = PBXBuildFile; fileRef = 3C5E707823E03BC8009EDFBD /* LocalFoodData.swift */; };
		3C5E707B23E03D47009EDFBD /* DashboardPresenter.swift in Sources */ = {isa = PBXBuildFile; fileRef = 3C5E707A23E03D47009EDFBD /* DashboardPresenter.swift */; };
		3C5E707D23E03D5E009EDFBD /* DashboardInteractor.swift in Sources */ = {isa = PBXBuildFile; fileRef = 3C5E707C23E03D5E009EDFBD /* DashboardInteractor.swift */; };
		3C5E707F23E03D6C009EDFBD /* DashboardFetcher.swift in Sources */ = {isa = PBXBuildFile; fileRef = 3C5E707E23E03D6C009EDFBD /* DashboardFetcher.swift */; };
		F68F9700302DA2A9097BDFE2 /* Pods_Rivi_DemoTests.framework in Frameworks */ = {isa = PBXBuildFile; fileRef = 74D21F76548257988031575D /* Pods_Rivi_DemoTests.framework */; };
/* End PBXBuildFile section */

/* Begin PBXContainerItemProxy section */
		3C5E704623DF181D009EDFBD /* PBXContainerItemProxy */ = {
			isa = PBXContainerItemProxy;
			containerPortal = 3C5E702723DF181C009EDFBD /* Project object */;
			proxyType = 1;
			remoteGlobalIDString = 3C5E702E23DF181C009EDFBD;
			remoteInfo = "Rivi Demo";
		};
/* End PBXContainerItemProxy section */

/* Begin PBXFileReference section */
		24DF5549007BAF5DD7DBAD1A /* Pods_Rivi_Demo.framework */ = {isa = PBXFileReference; explicitFileType = wrapper.framework; includeInIndex = 0; path = Pods_Rivi_Demo.framework; sourceTree = BUILT_PRODUCTS_DIR; };
		3C33446D23E0BF0D00231A13 /* FoodDetailsViewController.swift */ = {isa = PBXFileReference; lastKnownFileType = sourcecode.swift; path = FoodDetailsViewController.swift; sourceTree = "<group>"; };
		3C33446F23E0BF2600231A13 /* FoodDetailProtocols.swift */ = {isa = PBXFileReference; lastKnownFileType = sourcecode.swift; path = FoodDetailProtocols.swift; sourceTree = "<group>"; };
		3C33447123E0BFCA00231A13 /* FoodDetailsPresenter.swift */ = {isa = PBXFileReference; lastKnownFileType = sourcecode.swift; path = FoodDetailsPresenter.swift; sourceTree = "<group>"; };
		3C33447323E152E800231A13 /* SelfSizedTableView.swift */ = {isa = PBXFileReference; lastKnownFileType = sourcecode.swift; path = SelfSizedTableView.swift; sourceTree = "<group>"; };
		3C33447523E16FFB00231A13 /* ShadowView.swift */ = {isa = PBXFileReference; lastKnownFileType = sourcecode.swift; path = ShadowView.swift; sourceTree = "<group>"; };
		3C33447723E1863400231A13 /* FoodTableViewCell.swift */ = {isa = PBXFileReference; lastKnownFileType = sourcecode.swift; path = FoodTableViewCell.swift; sourceTree = "<group>"; };
		3C33447923E18E1300231A13 /* ShowMoreTableViewCell.swift */ = {isa = PBXFileReference; lastKnownFileType = sourcecode.swift; path = ShowMoreTableViewCell.swift; sourceTree = "<group>"; };
		3C33447B23E1F19F00231A13 /* FoodDetailsTableViewCell.swift */ = {isa = PBXFileReference; lastKnownFileType = sourcecode.swift; path = FoodDetailsTableViewCell.swift; sourceTree = "<group>"; };
		3C33447C23E1F19F00231A13 /* FoodDetailsTableViewCell.xib */ = {isa = PBXFileReference; lastKnownFileType = file.xib; path = FoodDetailsTableViewCell.xib; sourceTree = "<group>"; };
		3C5E702F23DF181C009EDFBD /* Rivi Demo.app */ = {isa = PBXFileReference; explicitFileType = wrapper.application; includeInIndex = 0; path = "Rivi Demo.app"; sourceTree = BUILT_PRODUCTS_DIR; };
		3C5E703223DF181C009EDFBD /* AppDelegate.swift */ = {isa = PBXFileReference; lastKnownFileType = sourcecode.swift; path = AppDelegate.swift; sourceTree = "<group>"; };
		3C5E703423DF181C009EDFBD /* SceneDelegate.swift */ = {isa = PBXFileReference; lastKnownFileType = sourcecode.swift; path = SceneDelegate.swift; sourceTree = "<group>"; };
		3C5E703923DF181C009EDFBD /* Base */ = {isa = PBXFileReference; lastKnownFileType = file.storyboard; name = Base; path = Base.lproj/Main.storyboard; sourceTree = "<group>"; };
		3C5E703B23DF181D009EDFBD /* Assets.xcassets */ = {isa = PBXFileReference; lastKnownFileType = folder.assetcatalog; path = Assets.xcassets; sourceTree = "<group>"; };
		3C5E703E23DF181D009EDFBD /* Base */ = {isa = PBXFileReference; lastKnownFileType = file.storyboard; name = Base; path = Base.lproj/LaunchScreen.storyboard; sourceTree = "<group>"; };
		3C5E704023DF181D009EDFBD /* Info.plist */ = {isa = PBXFileReference; lastKnownFileType = text.plist.xml; path = Info.plist; sourceTree = "<group>"; };
		3C5E704523DF181D009EDFBD /* Rivi DemoTests.xctest */ = {isa = PBXFileReference; explicitFileType = wrapper.cfbundle; includeInIndex = 0; path = "Rivi DemoTests.xctest"; sourceTree = BUILT_PRODUCTS_DIR; };
		3C5E704923DF181D009EDFBD /* Rivi_DemoTests.swift */ = {isa = PBXFileReference; lastKnownFileType = sourcecode.swift; path = Rivi_DemoTests.swift; sourceTree = "<group>"; };
		3C5E704B23DF181D009EDFBD /* Info.plist */ = {isa = PBXFileReference; lastKnownFileType = text.plist.xml; path = Info.plist; sourceTree = "<group>"; };
		3C5E706723E02906009EDFBD /* Reachability.swift */ = {isa = PBXFileReference; lastKnownFileType = sourcecode.swift; path = Reachability.swift; sourceTree = "<group>"; };
		3C5E706923E02925009EDFBD /* ApiClient.swift */ = {isa = PBXFileReference; lastKnownFileType = sourcecode.swift; path = ApiClient.swift; sourceTree = "<group>"; };
		3C5E706C23E02989009EDFBD /* CustomError.swift */ = {isa = PBXFileReference; lastKnownFileType = sourcecode.swift; path = CustomError.swift; sourceTree = "<group>"; };
		3C5E706E23E02A56009EDFBD /* UIView+Ext.swift */ = {isa = PBXFileReference; lastKnownFileType = sourcecode.swift; path = "UIView+Ext.swift"; sourceTree = "<group>"; };
		3C5E707023E02A7F009EDFBD /* EndPoints.swift */ = {isa = PBXFileReference; lastKnownFileType = sourcecode.swift; path = EndPoints.swift; sourceTree = "<group>"; };
		3C5E707223E038B0009EDFBD /* DashboardViewController.swift */ = {isa = PBXFileReference; lastKnownFileType = sourcecode.swift; path = DashboardViewController.swift; sourceTree = "<group>"; };
		3C5E707423E03939009EDFBD /* DashboardRouter.swift */ = {isa = PBXFileReference; lastKnownFileType = sourcecode.swift; path = DashboardRouter.swift; sourceTree = "<group>"; };
		3C5E707623E03A1A009EDFBD /* DashboardProtocols.swift */ = {isa = PBXFileReference; lastKnownFileType = sourcecode.swift; path = DashboardProtocols.swift; sourceTree = "<group>"; };
		3C5E707823E03BC8009EDFBD /* LocalFoodData.swift */ = {isa = PBXFileReference; lastKnownFileType = sourcecode.swift; path = LocalFoodData.swift; sourceTree = "<group>"; };
		3C5E707A23E03D47009EDFBD /* DashboardPresenter.swift */ = {isa = PBXFileReference; lastKnownFileType = sourcecode.swift; path = DashboardPresenter.swift; sourceTree = "<group>"; };
		3C5E707C23E03D5E009EDFBD /* DashboardInteractor.swift */ = {isa = PBXFileReference; lastKnownFileType = sourcecode.swift; path = DashboardInteractor.swift; sourceTree = "<group>"; };
		3C5E707E23E03D6C009EDFBD /* DashboardFetcher.swift */ = {isa = PBXFileReference; lastKnownFileType = sourcecode.swift; path = DashboardFetcher.swift; sourceTree = "<group>"; };
		74D21F76548257988031575D /* Pods_Rivi_DemoTests.framework */ = {isa = PBXFileReference; explicitFileType = wrapper.framework; includeInIndex = 0; path = Pods_Rivi_DemoTests.framework; sourceTree = BUILT_PRODUCTS_DIR; };
		79C6F0D9182DF8A9E5991196 /* Pods-Rivi Demo.debug.xcconfig */ = {isa = PBXFileReference; includeInIndex = 1; lastKnownFileType = text.xcconfig; name = "Pods-Rivi Demo.debug.xcconfig"; path = "Target Support Files/Pods-Rivi Demo/Pods-Rivi Demo.debug.xcconfig"; sourceTree = "<group>"; };
		AD42210B6F48B29385D990FC /* Pods-Rivi Demo.release.xcconfig */ = {isa = PBXFileReference; includeInIndex = 1; lastKnownFileType = text.xcconfig; name = "Pods-Rivi Demo.release.xcconfig"; path = "Target Support Files/Pods-Rivi Demo/Pods-Rivi Demo.release.xcconfig"; sourceTree = "<group>"; };
		B9D17AC194D43E79668903F0 /* Pods-Rivi DemoTests.debug.xcconfig */ = {isa = PBXFileReference; includeInIndex = 1; lastKnownFileType = text.xcconfig; name = "Pods-Rivi DemoTests.debug.xcconfig"; path = "Target Support Files/Pods-Rivi DemoTests/Pods-Rivi DemoTests.debug.xcconfig"; sourceTree = "<group>"; };
		D0854A25020BEAA3ECFB778B /* Pods-Rivi DemoTests.release.xcconfig */ = {isa = PBXFileReference; includeInIndex = 1; lastKnownFileType = text.xcconfig; name = "Pods-Rivi DemoTests.release.xcconfig"; path = "Target Support Files/Pods-Rivi DemoTests/Pods-Rivi DemoTests.release.xcconfig"; sourceTree = "<group>"; };
/* End PBXFileReference section */

/* Begin PBXFrameworksBuildPhase section */
		3C5E702C23DF181C009EDFBD /* Frameworks */ = {
			isa = PBXFrameworksBuildPhase;
			buildActionMask = 2147483647;
			files = (
				2EBC925F93CD012488F1CCA0 /* Pods_Rivi_Demo.framework in Frameworks */,
			);
			runOnlyForDeploymentPostprocessing = 0;
		};
		3C5E704223DF181D009EDFBD /* Frameworks */ = {
			isa = PBXFrameworksBuildPhase;
			buildActionMask = 2147483647;
			files = (
				F68F9700302DA2A9097BDFE2 /* Pods_Rivi_DemoTests.framework in Frameworks */,
			);
			runOnlyForDeploymentPostprocessing = 0;
		};
/* End PBXFrameworksBuildPhase section */

/* Begin PBXGroup section */
		3C5E702623DF181C009EDFBD = {
			isa = PBXGroup;
			children = (
				3C5E703123DF181C009EDFBD /* Rivi Demo */,
				3C5E704823DF181D009EDFBD /* Rivi DemoTests */,
				3C5E703023DF181C009EDFBD /* Products */,
				F3F359E668BF2B348636CCD4 /* Pods */,
				50DB588A1B9002ED1681F926 /* Frameworks */,
			);
			sourceTree = "<group>";
		};
		3C5E703023DF181C009EDFBD /* Products */ = {
			isa = PBXGroup;
			children = (
				3C5E702F23DF181C009EDFBD /* Rivi Demo.app */,
				3C5E704523DF181D009EDFBD /* Rivi DemoTests.xctest */,
			);
			name = Products;
			sourceTree = "<group>";
		};
		3C5E703123DF181C009EDFBD /* Rivi Demo */ = {
			isa = PBXGroup;
			children = (
				3C5E706423E0287F009EDFBD /* Common */,
				3C5E705423E027B3009EDFBD /* Dashboard */,
				3C5E705C23E027B3009EDFBD /* Detail Screen */,
				3C5E703223DF181C009EDFBD /* AppDelegate.swift */,
				3C5E703423DF181C009EDFBD /* SceneDelegate.swift */,
				3C5E703823DF181C009EDFBD /* Main.storyboard */,
				3C5E703B23DF181D009EDFBD /* Assets.xcassets */,
				3C5E703D23DF181D009EDFBD /* LaunchScreen.storyboard */,
				3C5E704023DF181D009EDFBD /* Info.plist */,
			);
			path = "Rivi Demo";
			sourceTree = "<group>";
		};
		3C5E704823DF181D009EDFBD /* Rivi DemoTests */ = {
			isa = PBXGroup;
			children = (
				3C5E704923DF181D009EDFBD /* Rivi_DemoTests.swift */,
				3C5E704B23DF181D009EDFBD /* Info.plist */,
			);
			path = "Rivi DemoTests";
			sourceTree = "<group>";
		};
		3C5E705423E027B3009EDFBD /* Dashboard */ = {
			isa = PBXGroup;
			children = (
				3C5E705823E027B3009EDFBD /* Views */,
				3C5E705623E027B3009EDFBD /* Presenter */,
				3C5E705A23E027B3009EDFBD /* Interactor */,
				3C5E705723E027B3009EDFBD /* Fetcher */,
				3C5E705523E027B3009EDFBD /* Entity */,
				3C5E705923E027B3009EDFBD /* Protocols */,
				3C5E705B23E027B3009EDFBD /* Router */,
			);
			path = Dashboard;
			sourceTree = "<group>";
		};
		3C5E705523E027B3009EDFBD /* Entity */ = {
			isa = PBXGroup;
			children = (
				3C5E707023E02A7F009EDFBD /* EndPoints.swift */,
				3C5E707823E03BC8009EDFBD /* LocalFoodData.swift */,
			);
			path = Entity;
			sourceTree = "<group>";
		};
		3C5E705623E027B3009EDFBD /* Presenter */ = {
			isa = PBXGroup;
			children = (
				3C5E707A23E03D47009EDFBD /* DashboardPresenter.swift */,
			);
			path = Presenter;
			sourceTree = "<group>";
		};
		3C5E705723E027B3009EDFBD /* Fetcher */ = {
			isa = PBXGroup;
			children = (
				3C5E707E23E03D6C009EDFBD /* DashboardFetcher.swift */,
			);
			path = Fetcher;
			sourceTree = "<group>";
		};
		3C5E705823E027B3009EDFBD /* Views */ = {
			isa = PBXGroup;
			children = (
				3C5E707223E038B0009EDFBD /* DashboardViewController.swift */,
				3C33447323E152E800231A13 /* SelfSizedTableView.swift */,
				3C33447523E16FFB00231A13 /* ShadowView.swift */,
				3C33447723E1863400231A13 /* FoodTableViewCell.swift */,
				3C33447923E18E1300231A13 /* ShowMoreTableViewCell.swift */,
			);
			path = Views;
			sourceTree = "<group>";
		};
		3C5E705923E027B3009EDFBD /* Protocols */ = {
			isa = PBXGroup;
			children = (
				3C5E707623E03A1A009EDFBD /* DashboardProtocols.swift */,
			);
			path = Protocols;
			sourceTree = "<group>";
		};
		3C5E705A23E027B3009EDFBD /* Interactor */ = {
			isa = PBXGroup;
			children = (
				3C5E707C23E03D5E009EDFBD /* DashboardInteractor.swift */,
			);
			path = Interactor;
			sourceTree = "<group>";
		};
		3C5E705B23E027B3009EDFBD /* Router */ = {
			isa = PBXGroup;
			children = (
				3C5E707423E03939009EDFBD /* DashboardRouter.swift */,
			);
			path = Router;
			sourceTree = "<group>";
		};
		3C5E705C23E027B3009EDFBD /* Detail Screen */ = {
			isa = PBXGroup;
			children = (
				3C5E705E23E027B3009EDFBD /* Views */,
				3C5E705D23E027B3009EDFBD /* Presenter */,
				3C5E705F23E027B3009EDFBD /* Protocols */,
			);
			path = "Detail Screen";
			sourceTree = "<group>";
		};
		3C5E705D23E027B3009EDFBD /* Presenter */ = {
			isa = PBXGroup;
			children = (
				3C33447123E0BFCA00231A13 /* FoodDetailsPresenter.swift */,
			);
			path = Presenter;
			sourceTree = "<group>";
		};
		3C5E705E23E027B3009EDFBD /* Views */ = {
			isa = PBXGroup;
			children = (
				3C33446D23E0BF0D00231A13 /* FoodDetailsViewController.swift */,
				3C33447B23E1F19F00231A13 /* FoodDetailsTableViewCell.swift */,
				3C33447C23E1F19F00231A13 /* FoodDetailsTableViewCell.xib */,
			);
			path = Views;
			sourceTree = "<group>";
		};
		3C5E705F23E027B3009EDFBD /* Protocols */ = {
			isa = PBXGroup;
			children = (
				3C33446F23E0BF2600231A13 /* FoodDetailProtocols.swift */,
			);
			path = Protocols;
			sourceTree = "<group>";
		};
		3C5E706423E0287F009EDFBD /* Common */ = {
			isa = PBXGroup;
			children = (
				3C5E706B23E0297B009EDFBD /* CustomError */,
				3C5E706623E02899009EDFBD /* Extensions */,
				3C5E706523E0288A009EDFBD /* ApiCLient */,
			);
			path = Common;
			sourceTree = "<group>";
		};
		3C5E706523E0288A009EDFBD /* ApiCLient */ = {
			isa = PBXGroup;
			children = (
				3C5E706723E02906009EDFBD /* Reachability.swift */,
				3C5E706923E02925009EDFBD /* ApiClient.swift */,
			);
			path = ApiCLient;
			sourceTree = "<group>";
		};
		3C5E706623E02899009EDFBD /* Extensions */ = {
			isa = PBXGroup;
			children = (
				3C5E706E23E02A56009EDFBD /* UIView+Ext.swift */,
			);
			path = Extensions;
			sourceTree = "<group>";
		};
		3C5E706B23E0297B009EDFBD /* CustomError */ = {
			isa = PBXGroup;
			children = (
				3C5E706C23E02989009EDFBD /* CustomError.swift */,
			);
			path = CustomError;
			sourceTree = "<group>";
		};
		50DB588A1B9002ED1681F926 /* Frameworks */ = {
			isa = PBXGroup;
			children = (
				24DF5549007BAF5DD7DBAD1A /* Pods_Rivi_Demo.framework */,
				74D21F76548257988031575D /* Pods_Rivi_DemoTests.framework */,
			);
			name = Frameworks;
			sourceTree = "<group>";
		};
		F3F359E668BF2B348636CCD4 /* Pods */ = {
			isa = PBXGroup;
			children = (
				79C6F0D9182DF8A9E5991196 /* Pods-Rivi Demo.debug.xcconfig */,
				AD42210B6F48B29385D990FC /* Pods-Rivi Demo.release.xcconfig */,
				B9D17AC194D43E79668903F0 /* Pods-Rivi DemoTests.debug.xcconfig */,
				D0854A25020BEAA3ECFB778B /* Pods-Rivi DemoTests.release.xcconfig */,
			);
			path = Pods;
			sourceTree = "<group>";
		};
/* End PBXGroup section */

/* Begin PBXNativeTarget section */
		3C5E702E23DF181C009EDFBD /* Rivi Demo */ = {
			isa = PBXNativeTarget;
			buildConfigurationList = 3C5E704E23DF181D009EDFBD /* Build configuration list for PBXNativeTarget "Rivi Demo" */;
			buildPhases = (
				15594CFB47DD328143612E55 /* [CP] Check Pods Manifest.lock */,
				3C5E702B23DF181C009EDFBD /* Sources */,
				3C5E702C23DF181C009EDFBD /* Frameworks */,
				3C5E702D23DF181C009EDFBD /* Resources */,
				A82FC4631E4BA07D2165632C /* [CP] Embed Pods Frameworks */,
			);
			buildRules = (
			);
			dependencies = (
			);
			name = "Rivi Demo";
			productName = "Rivi Demo";
			productReference = 3C5E702F23DF181C009EDFBD /* Rivi Demo.app */;
			productType = "com.apple.product-type.application";
		};
		3C5E704423DF181D009EDFBD /* Rivi DemoTests */ = {
			isa = PBXNativeTarget;
			buildConfigurationList = 3C5E705123DF181D009EDFBD /* Build configuration list for PBXNativeTarget "Rivi DemoTests" */;
			buildPhases = (
				FA416BC0539F7A42A5993E2F /* [CP] Check Pods Manifest.lock */,
				3C5E704123DF181D009EDFBD /* Sources */,
				3C5E704223DF181D009EDFBD /* Frameworks */,
				3C5E704323DF181D009EDFBD /* Resources */,
			);
			buildRules = (
			);
			dependencies = (
				3C5E704723DF181D009EDFBD /* PBXTargetDependency */,
			);
			name = "Rivi DemoTests";
			productName = "Rivi DemoTests";
			productReference = 3C5E704523DF181D009EDFBD /* Rivi DemoTests.xctest */;
			productType = "com.apple.product-type.bundle.unit-test";
		};
/* End PBXNativeTarget section */

/* Begin PBXProject section */
		3C5E702723DF181C009EDFBD /* Project object */ = {
			isa = PBXProject;
			attributes = {
				LastSwiftUpdateCheck = 1120;
				LastUpgradeCheck = 1120;
				ORGANIZATIONNAME = "Amol Prakash";
				TargetAttributes = {
					3C5E702E23DF181C009EDFBD = {
						CreatedOnToolsVersion = 11.2.1;
					};
					3C5E704423DF181D009EDFBD = {
						CreatedOnToolsVersion = 11.2.1;
						TestTargetID = 3C5E702E23DF181C009EDFBD;
					};
				};
			};
			buildConfigurationList = 3C5E702A23DF181C009EDFBD /* Build configuration list for PBXProject "Rivi Demo" */;
			compatibilityVersion = "Xcode 9.3";
			developmentRegion = en;
			hasScannedForEncodings = 0;
			knownRegions = (
				en,
				Base,
			);
			mainGroup = 3C5E702623DF181C009EDFBD;
			productRefGroup = 3C5E703023DF181C009EDFBD /* Products */;
			projectDirPath = "";
			projectRoot = "";
			targets = (
				3C5E702E23DF181C009EDFBD /* Rivi Demo */,
				3C5E704423DF181D009EDFBD /* Rivi DemoTests */,
			);
		};
/* End PBXProject section */

/* Begin PBXResourcesBuildPhase section */
		3C5E702D23DF181C009EDFBD /* Resources */ = {
			isa = PBXResourcesBuildPhase;
			buildActionMask = 2147483647;
			files = (
				3C5E703F23DF181D009EDFBD /* LaunchScreen.storyboard in Resources */,
				3C5E703C23DF181D009EDFBD /* Assets.xcassets in Resources */,
				3C33447E23E1F19F00231A13 /* FoodDetailsTableViewCell.xib in Resources */,
				3C5E703A23DF181C009EDFBD /* Main.storyboard in Resources */,
			);
			runOnlyForDeploymentPostprocessing = 0;
		};
		3C5E704323DF181D009EDFBD /* Resources */ = {
			isa = PBXResourcesBuildPhase;
			buildActionMask = 2147483647;
			files = (
			);
			runOnlyForDeploymentPostprocessing = 0;
		};
/* End PBXResourcesBuildPhase section */

/* Begin PBXShellScriptBuildPhase section */
		15594CFB47DD328143612E55 /* [CP] Check Pods Manifest.lock */ = {
			isa = PBXShellScriptBuildPhase;
			buildActionMask = 2147483647;
			files = (
			);
			inputFileListPaths = (
			);
			inputPaths = (
				"${PODS_PODFILE_DIR_PATH}/Podfile.lock",
				"${PODS_ROOT}/Manifest.lock",
			);
			name = "[CP] Check Pods Manifest.lock";
			outputFileListPaths = (
			);
			outputPaths = (
				"$(DERIVED_FILE_DIR)/Pods-Rivi Demo-checkManifestLockResult.txt",
			);
			runOnlyForDeploymentPostprocessing = 0;
			shellPath = /bin/sh;
			shellScript = "diff \"${PODS_PODFILE_DIR_PATH}/Podfile.lock\" \"${PODS_ROOT}/Manifest.lock\" > /dev/null\nif [ $? != 0 ] ; then\n    # print error to STDERR\n    echo \"error: The sandbox is not in sync with the Podfile.lock. Run 'pod install' or update your CocoaPods installation.\" >&2\n    exit 1\nfi\n# This output is used by Xcode 'outputs' to avoid re-running this script phase.\necho \"SUCCESS\" > \"${SCRIPT_OUTPUT_FILE_0}\"\n";
			showEnvVarsInLog = 0;
		};
		A82FC4631E4BA07D2165632C /* [CP] Embed Pods Frameworks */ = {
			isa = PBXShellScriptBuildPhase;
			buildActionMask = 2147483647;
			files = (
			);
			inputFileListPaths = (
				"${PODS_ROOT}/Target Support Files/Pods-Rivi Demo/Pods-Rivi Demo-frameworks-${CONFIGURATION}-input-files.xcfilelist",
			);
			name = "[CP] Embed Pods Frameworks";
			outputFileListPaths = (
				"${PODS_ROOT}/Target Support Files/Pods-Rivi Demo/Pods-Rivi Demo-frameworks-${CONFIGURATION}-output-files.xcfilelist",
			);
			runOnlyForDeploymentPostprocessing = 0;
			shellPath = /bin/sh;
			shellScript = "\"${PODS_ROOT}/Target Support Files/Pods-Rivi Demo/Pods-Rivi Demo-frameworks.sh\"\n";
			showEnvVarsInLog = 0;
		};
		FA416BC0539F7A42A5993E2F /* [CP] Check Pods Manifest.lock */ = {
			isa = PBXShellScriptBuildPhase;
			buildActionMask = 2147483647;
			files = (
			);
			inputFileListPaths = (
			);
			inputPaths = (
				"${PODS_PODFILE_DIR_PATH}/Podfile.lock",
				"${PODS_ROOT}/Manifest.lock",
			);
			name = "[CP] Check Pods Manifest.lock";
			outputFileListPaths = (
			);
			outputPaths = (
				"$(DERIVED_FILE_DIR)/Pods-Rivi DemoTests-checkManifestLockResult.txt",
			);
			runOnlyForDeploymentPostprocessing = 0;
			shellPath = /bin/sh;
			shellScript = "diff \"${PODS_PODFILE_DIR_PATH}/Podfile.lock\" \"${PODS_ROOT}/Manifest.lock\" > /dev/null\nif [ $? != 0 ] ; then\n    # print error to STDERR\n    echo \"error: The sandbox is not in sync with the Podfile.lock. Run 'pod install' or update your CocoaPods installation.\" >&2\n    exit 1\nfi\n# This output is used by Xcode 'outputs' to avoid re-running this script phase.\necho \"SUCCESS\" > \"${SCRIPT_OUTPUT_FILE_0}\"\n";
			showEnvVarsInLog = 0;
		};
/* End PBXShellScriptBuildPhase section */

/* Begin PBXSourcesBuildPhase section */
		3C5E702B23DF181C009EDFBD /* Sources */ = {
			isa = PBXSourcesBuildPhase;
			buildActionMask = 2147483647;
			files = (
				3C5E707323E038B0009EDFBD /* DashboardViewController.swift in Sources */,
				3C5E703323DF181C009EDFBD /* AppDelegate.swift in Sources */,
				3C33446E23E0BF0D00231A13 /* FoodDetailsViewController.swift in Sources */,
				3C5E706823E02906009EDFBD /* Reachability.swift in Sources */,
				3C33447023E0BF2600231A13 /* FoodDetailProtocols.swift in Sources */,
				3C33447223E0BFCA00231A13 /* FoodDetailsPresenter.swift in Sources */,
				3C5E703523DF181C009EDFBD /* SceneDelegate.swift in Sources */,
				3C5E706F23E02A56009EDFBD /* UIView+Ext.swift in Sources */,
				3C5E706A23E02925009EDFBD /* ApiClient.swift in Sources */,
				3C5E707723E03A1A009EDFBD /* DashboardProtocols.swift in Sources */,
				3C5E707923E03BC8009EDFBD /* LocalFoodData.swift in Sources */,
				3C33447423E152E800231A13 /* SelfSizedTableView.swift in Sources */,
				3C33447D23E1F19F00231A13 /* FoodDetailsTableViewCell.swift in Sources */,
				3C5E707F23E03D6C009EDFBD /* DashboardFetcher.swift in Sources */,
				3C5E707D23E03D5E009EDFBD /* DashboardInteractor.swift in Sources */,
				3C33447A23E18E1300231A13 /* ShowMoreTableViewCell.swift in Sources */,
				3C5E707123E02A7F009EDFBD /* EndPoints.swift in Sources */,
				3C5E707523E03939009EDFBD /* DashboardRouter.swift in Sources */,
				3C5E706D23E02989009EDFBD /* CustomError.swift in Sources */,
				3C33447823E1863400231A13 /* FoodTableViewCell.swift in Sources */,
				3C33447623E16FFB00231A13 /* ShadowView.swift in Sources */,
				3C5E707B23E03D47009EDFBD /* DashboardPresenter.swift in Sources */,
			);
			runOnlyForDeploymentPostprocessing = 0;
		};
		3C5E704123DF181D009EDFBD /* Sources */ = {
			isa = PBXSourcesBuildPhase;
			buildActionMask = 2147483647;
			files = (
				3C5E704A23DF181D009EDFBD /* Rivi_DemoTests.swift in Sources */,
			);
			runOnlyForDeploymentPostprocessing = 0;
		};
/* End PBXSourcesBuildPhase section */

/* Begin PBXTargetDependency section */
		3C5E704723DF181D009EDFBD /* PBXTargetDependency */ = {
			isa = PBXTargetDependency;
			target = 3C5E702E23DF181C009EDFBD /* Rivi Demo */;
			targetProxy = 3C5E704623DF181D009EDFBD /* PBXContainerItemProxy */;
		};
/* End PBXTargetDependency section */

/* Begin PBXVariantGroup section */
		3C5E703823DF181C009EDFBD /* Main.storyboard */ = {
			isa = PBXVariantGroup;
			children = (
				3C5E703923DF181C009EDFBD /* Base */,
			);
			name = Main.storyboard;
			sourceTree = "<group>";
		};
		3C5E703D23DF181D009EDFBD /* LaunchScreen.storyboard */ = {
			isa = PBXVariantGroup;
			children = (
				3C5E703E23DF181D009EDFBD /* Base */,
			);
			name = LaunchScreen.storyboard;
			sourceTree = "<group>";
		};
/* End PBXVariantGroup section */

/* Begin XCBuildConfiguration section */
		3C5E704C23DF181D009EDFBD /* Debug */ = {
			isa = XCBuildConfiguration;
			buildSettings = {
				ALWAYS_SEARCH_USER_PATHS = NO;
				CLANG_ANALYZER_NONNULL = YES;
				CLANG_ANALYZER_NUMBER_OBJECT_CONVERSION = YES_AGGRESSIVE;
				CLANG_CXX_LANGUAGE_STANDARD = "gnu++14";
				CLANG_CXX_LIBRARY = "libc++";
				CLANG_ENABLE_MODULES = YES;
				CLANG_ENABLE_OBJC_ARC = YES;
				CLANG_ENABLE_OBJC_WEAK = YES;
				CLANG_WARN_BLOCK_CAPTURE_AUTORELEASING = YES;
				CLANG_WARN_BOOL_CONVERSION = YES;
				CLANG_WARN_COMMA = YES;
				CLANG_WARN_CONSTANT_CONVERSION = YES;
				CLANG_WARN_DEPRECATED_OBJC_IMPLEMENTATIONS = YES;
				CLANG_WARN_DIRECT_OBJC_ISA_USAGE = YES_ERROR;
				CLANG_WARN_DOCUMENTATION_COMMENTS = YES;
				CLANG_WARN_EMPTY_BODY = YES;
				CLANG_WARN_ENUM_CONVERSION = YES;
				CLANG_WARN_INFINITE_RECURSION = YES;
				CLANG_WARN_INT_CONVERSION = YES;
				CLANG_WARN_NON_LITERAL_NULL_CONVERSION = YES;
				CLANG_WARN_OBJC_IMPLICIT_RETAIN_SELF = YES;
				CLANG_WARN_OBJC_LITERAL_CONVERSION = YES;
				CLANG_WARN_OBJC_ROOT_CLASS = YES_ERROR;
				CLANG_WARN_RANGE_LOOP_ANALYSIS = YES;
				CLANG_WARN_STRICT_PROTOTYPES = YES;
				CLANG_WARN_SUSPICIOUS_MOVE = YES;
				CLANG_WARN_UNGUARDED_AVAILABILITY = YES_AGGRESSIVE;
				CLANG_WARN_UNREACHABLE_CODE = YES;
				CLANG_WARN__DUPLICATE_METHOD_MATCH = YES;
				COPY_PHASE_STRIP = NO;
				DEBUG_INFORMATION_FORMAT = dwarf;
				ENABLE_STRICT_OBJC_MSGSEND = YES;
				ENABLE_TESTABILITY = YES;
				GCC_C_LANGUAGE_STANDARD = gnu11;
				GCC_DYNAMIC_NO_PIC = NO;
				GCC_NO_COMMON_BLOCKS = YES;
				GCC_OPTIMIZATION_LEVEL = 0;
				GCC_PREPROCESSOR_DEFINITIONS = (
					"DEBUG=1",
					"$(inherited)",
				);
				GCC_WARN_64_TO_32_BIT_CONVERSION = YES;
				GCC_WARN_ABOUT_RETURN_TYPE = YES_ERROR;
				GCC_WARN_UNDECLARED_SELECTOR = YES;
				GCC_WARN_UNINITIALIZED_AUTOS = YES_AGGRESSIVE;
				GCC_WARN_UNUSED_FUNCTION = YES;
				GCC_WARN_UNUSED_VARIABLE = YES;
				IPHONEOS_DEPLOYMENT_TARGET = 13.2;
				MTL_ENABLE_DEBUG_INFO = INCLUDE_SOURCE;
				MTL_FAST_MATH = YES;
				ONLY_ACTIVE_ARCH = YES;
				SDKROOT = iphoneos;
				SWIFT_ACTIVE_COMPILATION_CONDITIONS = DEBUG;
				SWIFT_OPTIMIZATION_LEVEL = "-Onone";
			};
			name = Debug;
		};
		3C5E704D23DF181D009EDFBD /* Release */ = {
			isa = XCBuildConfiguration;
			buildSettings = {
				ALWAYS_SEARCH_USER_PATHS = NO;
				CLANG_ANALYZER_NONNULL = YES;
				CLANG_ANALYZER_NUMBER_OBJECT_CONVERSION = YES_AGGRESSIVE;
				CLANG_CXX_LANGUAGE_STANDARD = "gnu++14";
				CLANG_CXX_LIBRARY = "libc++";
				CLANG_ENABLE_MODULES = YES;
				CLANG_ENABLE_OBJC_ARC = YES;
				CLANG_ENABLE_OBJC_WEAK = YES;
				CLANG_WARN_BLOCK_CAPTURE_AUTORELEASING = YES;
				CLANG_WARN_BOOL_CONVERSION = YES;
				CLANG_WARN_COMMA = YES;
				CLANG_WARN_CONSTANT_CONVERSION = YES;
				CLANG_WARN_DEPRECATED_OBJC_IMPLEMENTATIONS = YES;
				CLANG_WARN_DIRECT_OBJC_ISA_USAGE = YES_ERROR;
				CLANG_WARN_DOCUMENTATION_COMMENTS = YES;
				CLANG_WARN_EMPTY_BODY = YES;
				CLANG_WARN_ENUM_CONVERSION = YES;
				CLANG_WARN_INFINITE_RECURSION = YES;
				CLANG_WARN_INT_CONVERSION = YES;
				CLANG_WARN_NON_LITERAL_NULL_CONVERSION = YES;
				CLANG_WARN_OBJC_IMPLICIT_RETAIN_SELF = YES;
				CLANG_WARN_OBJC_LITERAL_CONVERSION = YES;
				CLANG_WARN_OBJC_ROOT_CLASS = YES_ERROR;
				CLANG_WARN_RANGE_LOOP_ANALYSIS = YES;
				CLANG_WARN_STRICT_PROTOTYPES = YES;
				CLANG_WARN_SUSPICIOUS_MOVE = YES;
				CLANG_WARN_UNGUARDED_AVAILABILITY = YES_AGGRESSIVE;
				CLANG_WARN_UNREACHABLE_CODE = YES;
				CLANG_WARN__DUPLICATE_METHOD_MATCH = YES;
				COPY_PHASE_STRIP = NO;
				DEBUG_INFORMATION_FORMAT = "dwarf-with-dsym";
				ENABLE_NS_ASSERTIONS = NO;
				ENABLE_STRICT_OBJC_MSGSEND = YES;
				GCC_C_LANGUAGE_STANDARD = gnu11;
				GCC_NO_COMMON_BLOCKS = YES;
				GCC_WARN_64_TO_32_BIT_CONVERSION = YES;
				GCC_WARN_ABOUT_RETURN_TYPE = YES_ERROR;
				GCC_WARN_UNDECLARED_SELECTOR = YES;
				GCC_WARN_UNINITIALIZED_AUTOS = YES_AGGRESSIVE;
				GCC_WARN_UNUSED_FUNCTION = YES;
				GCC_WARN_UNUSED_VARIABLE = YES;
				IPHONEOS_DEPLOYMENT_TARGET = 13.2;
				MTL_ENABLE_DEBUG_INFO = NO;
				MTL_FAST_MATH = YES;
				SDKROOT = iphoneos;
				SWIFT_COMPILATION_MODE = wholemodule;
				SWIFT_OPTIMIZATION_LEVEL = "-O";
				VALIDATE_PRODUCT = YES;
			};
			name = Release;
		};
		3C5E704F23DF181D009EDFBD /* Debug */ = {
			isa = XCBuildConfiguration;
			baseConfigurationReference = 79C6F0D9182DF8A9E5991196 /* Pods-Rivi Demo.debug.xcconfig */;
			buildSettings = {
				ASSETCATALOG_COMPILER_APPICON_NAME = AppIcon;
				CODE_SIGN_STYLE = Automatic;
				INFOPLIST_FILE = "Rivi Demo/Info.plist";
				LD_RUNPATH_SEARCH_PATHS = (
					"$(inherited)",
					"@executable_path/Frameworks",
				);
				PRODUCT_BUNDLE_IDENTIFIER = "amolprakash.Rivi-Demo";
				PRODUCT_NAME = "$(TARGET_NAME)";
				SWIFT_VERSION = 5.0;
				TARGETED_DEVICE_FAMILY = "1,2";
			};
			name = Debug;
		};
		3C5E705023DF181D009EDFBD /* Release */ = {
			isa = XCBuildConfiguration;
			baseConfigurationReference = AD42210B6F48B29385D990FC /* Pods-Rivi Demo.release.xcconfig */;
			buildSettings = {
				ASSETCATALOG_COMPILER_APPICON_NAME = AppIcon;
				CODE_SIGN_STYLE = Automatic;
				INFOPLIST_FILE = "Rivi Demo/Info.plist";
				LD_RUNPATH_SEARCH_PATHS = (
					"$(inherited)",
					"@executable_path/Frameworks",
				);
				PRODUCT_BUNDLE_IDENTIFIER = "amolprakash.Rivi-Demo";
				PRODUCT_NAME = "$(TARGET_NAME)";
				SWIFT_VERSION = 5.0;
				TARGETED_DEVICE_FAMILY = "1,2";
			};
			name = Release;
		};
		3C5E705223DF181D009EDFBD /* Debug */ = {
			isa = XCBuildConfiguration;
			baseConfigurationReference = B9D17AC194D43E79668903F0 /* Pods-Rivi DemoTests.debug.xcconfig */;
			buildSettings = {
				ALWAYS_EMBED_SWIFT_STANDARD_LIBRARIES = YES;
				BUNDLE_LOADER = "$(TEST_HOST)";
				CODE_SIGN_STYLE = Automatic;
				INFOPLIST_FILE = "Rivi DemoTests/Info.plist";
				IPHONEOS_DEPLOYMENT_TARGET = 13.2;
				LD_RUNPATH_SEARCH_PATHS = (
					"$(inherited)",
					"@executable_path/Frameworks",
					"@loader_path/Frameworks",
				);
				PRODUCT_BUNDLE_IDENTIFIER = "amolprakash.Rivi-DemoTests";
				PRODUCT_NAME = "$(TARGET_NAME)";
				SWIFT_VERSION = 5.0;
				TARGETED_DEVICE_FAMILY = "1,2";
				TEST_HOST = "$(BUILT_PRODUCTS_DIR)/Rivi Demo.app/Rivi Demo";
			};
			name = Debug;
		};
		3C5E705323DF181D009EDFBD /* Release */ = {
			isa = XCBuildConfiguration;
			baseConfigurationReference = D0854A25020BEAA3ECFB778B /* Pods-Rivi DemoTests.release.xcconfig */;
			buildSettings = {
				ALWAYS_EMBED_SWIFT_STANDARD_LIBRARIES = YES;
				BUNDLE_LOADER = "$(TEST_HOST)";
				CODE_SIGN_STYLE = Automatic;
				INFOPLIST_FILE = "Rivi DemoTests/Info.plist";
				IPHONEOS_DEPLOYMENT_TARGET = 13.2;
				LD_RUNPATH_SEARCH_PATHS = (
					"$(inherited)",
					"@executable_path/Frameworks",
					"@loader_path/Frameworks",
				);
				PRODUCT_BUNDLE_IDENTIFIER = "amolprakash.Rivi-DemoTests";
				PRODUCT_NAME = "$(TARGET_NAME)";
				SWIFT_VERSION = 5.0;
				TARGETED_DEVICE_FAMILY = "1,2";
				TEST_HOST = "$(BUILT_PRODUCTS_DIR)/Rivi Demo.app/Rivi Demo";
			};
			name = Release;
		};
/* End XCBuildConfiguration section */

/* Begin XCConfigurationList section */
		3C5E702A23DF181C009EDFBD /* Build configuration list for PBXProject "Rivi Demo" */ = {
			isa = XCConfigurationList;
			buildConfigurations = (
				3C5E704C23DF181D009EDFBD /* Debug */,
				3C5E704D23DF181D009EDFBD /* Release */,
			);
			defaultConfigurationIsVisible = 0;
			defaultConfigurationName = Release;
		};
		3C5E704E23DF181D009EDFBD /* Build configuration list for PBXNativeTarget "Rivi Demo" */ = {
			isa = XCConfigurationList;
			buildConfigurations = (
				3C5E704F23DF181D009EDFBD /* Debug */,
				3C5E705023DF181D009EDFBD /* Release */,
			);
			defaultConfigurationIsVisible = 0;
			defaultConfigurationName = Release;
		};
		3C5E705123DF181D009EDFBD /* Build configuration list for PBXNativeTarget "Rivi DemoTests" */ = {
			isa = XCConfigurationList;
			buildConfigurations = (
				3C5E705223DF181D009EDFBD /* Debug */,
				3C5E705323DF181D009EDFBD /* Release */,
			);
			defaultConfigurationIsVisible = 0;
			defaultConfigurationName = Release;
		};
/* End XCConfigurationList section */
	};
	rootObject = 3C5E702723DF181C009EDFBD /* Project object */;
}
